{
  "lockfile_version": "1",
  "packages": {
    "python312@latest": {
      "last_modified": "2024-06-12T20:55:33Z",
      "plugin_version": "0.0.3",
      "resolved": "github:NixOS/nixpkgs/a9858885e197f984d92d7fe64e9fff6b2e488d40#python312",
      "source": "devbox-search",
      "version": "3.12.3",
      "systems": {
        "aarch64-darwin": {
          "outputs": [
            {
              "name": "out",
              "path": "/nix/store/65ackbgqn02p6fy75rksjbp17zj6440j-python3-3.12.3",
              "default": true
            }
          ],
          "store_path": "/nix/store/65ackbgqn02p6fy75rksjbp17zj6440j-python3-3.12.3"
        },
        "aarch64-linux": {
          "outputs": [
            {
              "name": "out",
              "path": "/nix/store/59siylp1k9i3ch4d9m3vs5jp5z56b5sg-python3-3.12.3",
              "default": true
            },
            {
              "name": "debug",
              "path": "/nix/store/ji094818a78hrkag26202b21nr5v1pgk-python3-3.12.3-debug"
            }
          ],
          "store_path": "/nix/store/59siylp1k9i3ch4d9m3vs5jp5z56b5sg-python3-3.12.3"
        },
        "x86_64-darwin": {
          "outputs": [
            {
              "name": "out",
              "path": "/nix/store/nrskm5p85y6751k02ih51bpzfag8g5r8-python3-3.12.3",
              "default": true
            }
          ],
          "store_path": "/nix/store/nrskm5p85y6751k02ih51bpzfag8g5r8-python3-3.12.3"
        },
        "x86_64-linux": {
          "outputs": [
            {
              "name": "out",
              "path": "/nix/store/zwvdwiw0zg5liz6lkkkqyab035parhld-python3-3.12.3",
              "default": true
            },
            {
              "name": "debug",
              "path": "/nix/store/wj6mffmpvly3md2hqnq2jj8zrrw5qck9-python3-3.12.3-debug"
            }
          ],
          "store_path": "/nix/store/zwvdwiw0zg5liz6lkkkqyab035parhld-python3-3.12.3"
        }
      }
    },
    "ruff@latest": {
      "last_modified": "2024-08-31T10:12:23Z",
      "resolved": "github:NixOS/nixpkgs/5629520edecb69630a3f4d17d3d33fc96c13f6fe#ruff",
      "source": "devbox-search",
      "version": "0.6.3",
      "systems": {
        "aarch64-darwin": {
          "outputs": [
            {
              "name": "out",
              "path": "/nix/store/nkrrxb8h18n2i2slspmhhp1jr0m4w07g-ruff-0.6.3",
              "default": true
            }
          ],
          "store_path": "/nix/store/nkrrxb8h18n2i2slspmhhp1jr0m4w07g-ruff-0.6.3"
        },
        "aarch64-linux": {
          "outputs": [
            {
              "name": "out",
              "path": "/nix/store/ncmpw4jmdlprnb8l4d8n30jpvn8mm2nl-ruff-0.6.3",
              "default": true
            }
          ],
          "store_path": "/nix/store/ncmpw4jmdlprnb8l4d8n30jpvn8mm2nl-ruff-0.6.3"
        },
        "x86_64-darwin": {
          "outputs": [
            {
              "name": "out",
              "path": "/nix/store/7fwkm7cz4icsdr6lfwad4pirwx6gz3wy-ruff-0.6.3",
              "default": true
            }
          ],
          "store_path": "/nix/store/7fwkm7cz4icsdr6lfwad4pirwx6gz3wy-ruff-0.6.3"
        },
        "x86_64-linux": {
          "outputs": [
            {
              "name": "out",
              "path": "/nix/store/s9sn9llf7xk4hjac2d4phj5zha9gszyh-ruff-0.6.3",
              "default": true
            }
          ],
          "store_path": "/nix/store/s9sn9llf7xk4hjac2d4phj5zha9gszyh-ruff-0.6.3"
        }
      }
    }
  }
}
