{
  "lockfile_version": "1",
  "packages": {
    "dbmate@latest": {
      "last_modified": "2024-09-10T15:01:03Z",
      "resolved": "github:NixOS/nixpkgs/5ed627539ac84809c78b2dd6d26a5cebeb5ae269#dbmate",
      "source": "devbox-search",
      "version": "2.20.0",
      "systems": {
        "aarch64-darwin": {
          "outputs": [
            {
              "name": "out",
              "path": "/nix/store/f63a0im42fgzy93sj0494ijg0hdr7lbz-dbmate-2.20.0",
              "default": true
            }
          ],
          "store_path": "/nix/store/f63a0im42fgzy93sj0494ijg0hdr7lbz-dbmate-2.20.0"
        },
        "aarch64-linux": {
          "outputs": [
            {
              "name": "out",
              "path": "/nix/store/kzrpvh9g8sp9lmd70lh6ckskvpcjp1l6-dbmate-2.20.0",
              "default": true
            }
          ],
          "store_path": "/nix/store/kzrpvh9g8sp9lmd70lh6ckskvpcjp1l6-dbmate-2.20.0"
        },
        "x86_64-darwin": {
          "outputs": [
            {
              "name": "out",
              "path": "/nix/store/xkmp2clp36ljchvk2xwn2lk1shd9ch00-dbmate-2.20.0",
              "default": true
            }
          ],
          "store_path": "/nix/store/xkmp2clp36ljchvk2xwn2lk1shd9ch00-dbmate-2.20.0"
        },
        "x86_64-linux": {
          "outputs": [
            {
              "name": "out",
              "path": "/nix/store/9028xqnw5aihwayw6m95jp17wbi0wz54-dbmate-2.20.0",
              "default": true
            }
          ],
          "store_path": "/nix/store/9028xqnw5aihwayw6m95jp17wbi0wz54-dbmate-2.20.0"
        }
      }
    },
    "postgresql_16@latest": {
      "last_modified": "2024-08-14T02:42:29Z",
      "plugin_version": "0.0.2",
      "resolved": "github:NixOS/nixpkgs/daf7bb95821b789db24fc1ac21f613db0c1bf2cb#postgresql_16",
      "source": "devbox-search",
      "version": "16.3",
      "systems": {
        "aarch64-darwin": {
          "outputs": [
            {
              "name": "out",
              "path": "/nix/store/c66z05pixp2gdllj0vbjxki03y4r63nf-postgresql-16.3",
              "default": true
            },
            {
              "name": "man",
              "path": "/nix/store/g7299mah9s3y1xwvy38hyjg7b1nxayr3-postgresql-16.3-man",
              "default": true
            },
            {
              "name": "doc",
              "path": "/nix/store/n4c12fs0rpwzqpwzxrawn0wpmynmzp1p-postgresql-16.3-doc"
            },
            {
              "name": "lib",
              "path": "/nix/store/gyhxlcbz5sr9mjsa4xpxy4lhnn5ypdg3-postgresql-16.3-lib"
            }
          ],
          "store_path": "/nix/store/c66z05pixp2gdllj0vbjxki03y4r63nf-postgresql-16.3"
        },
        "aarch64-linux": {
          "outputs": [
            {
              "name": "out",
              "path": "/nix/store/xgxn6x8czyg2snk5zr0pmxcj2fvd3i74-postgresql-16.3",
              "default": true
            },
            {
              "name": "man",
              "path": "/nix/store/v7n89dk9fwmq51swc9wcyhf08fx14irq-postgresql-16.3-man",
              "default": true
            },
            {
              "name": "lib",
              "path": "/nix/store/sfqwzgsbdqxm86s5hpn6s44rir2jck2n-postgresql-16.3-lib"
            },
            {
              "name": "debug",
              "path": "/nix/store/4fq2j1n68ijx4c5100ccrfr7xnvn3pa4-postgresql-16.3-debug"
            },
            {
              "name": "doc",
              "path": "/nix/store/phd48smi19g97zidnwz7mc6dp9ccqffd-postgresql-16.3-doc"
            }
          ],
          "store_path": "/nix/store/xgxn6x8czyg2snk5zr0pmxcj2fvd3i74-postgresql-16.3"
        },
        "x86_64-darwin": {
          "outputs": [
            {
              "name": "out",
              "path": "/nix/store/wc8ljgp8i4xy3h7nbng5zbqhmsycxq2r-postgresql-16.3",
              "default": true
            },
            {
              "name": "man",
              "path": "/nix/store/ddrxjv1kya1324yddr49zdagh6xnvpk3-postgresql-16.3-man",
              "default": true
            },
            {
              "name": "doc",
              "path": "/nix/store/kxsglsjkb66am3x4kvz27l3qhnl7fyrw-postgresql-16.3-doc"
            },
            {
              "name": "lib",
              "path": "/nix/store/ycsms6g71893ylrrdw6v3dc6q39d3bwh-postgresql-16.3-lib"
            }
          ],
          "store_path": "/nix/store/wc8ljgp8i4xy3h7nbng5zbqhmsycxq2r-postgresql-16.3"
        },
        "x86_64-linux": {
          "outputs": [
            {
              "name": "out",
              "path": "/nix/store/w21l2dnc8xqvynv067zkn4w53sa2kaqd-postgresql-16.3",
              "default": true
            },
            {
              "name": "man",
              "path": "/nix/store/7nl9z2dlmrwcz3nwq1nyfsi84zr62rv0-postgresql-16.3-man",
              "default": true
            },
            {
              "name": "doc",
              "path": "/nix/store/i5h9jmckcy71jfngjlcf3fndkjx5asm0-postgresql-16.3-doc"
            },
            {
              "name": "lib",
              "path": "/nix/store/dz06p09qyj4d8hpldv3i2s015wi3q709-postgresql-16.3-lib"
            },
            {
              "name": "debug",
              "path": "/nix/store/valjjpr7yvzhqynwm0y8p3rrs374fkvj-postgresql-16.3-debug"
            }
          ],
          "store_path": "/nix/store/w21l2dnc8xqvynv067zkn4w53sa2kaqd-postgresql-16.3"
        }
      }
    },
    "python39@latest": {
      "last_modified": "2024-09-12T02:28:40Z",
      "plugin_version": "0.0.3",
      "resolved": "github:NixOS/nixpkgs/111ed8812c10d7dc3017de46cbf509600c93f551#python39",
      "source": "devbox-search",
      "version": "3.9.20",
      "systems": {
        "aarch64-darwin": {
          "outputs": [
            {
              "name": "out",
              "path": "/nix/store/hnyz1slikc4n0rycfdfly8zv68w54aim-python3-3.9.20",
              "default": true
            }
          ],
          "store_path": "/nix/store/hnyz1slikc4n0rycfdfly8zv68w54aim-python3-3.9.20"
        },
        "aarch64-linux": {
          "outputs": [
            {
              "name": "out",
              "path": "/nix/store/mml9i41n6dj9airflmz9sm1ms8d4rg0p-python3-3.9.20",
              "default": true
            },
            {
              "name": "debug",
              "path": "/nix/store/w9bsvhgx922fina2vz365xs3yjl4c7vs-python3-3.9.20-debug"
            }
          ],
          "store_path": "/nix/store/mml9i41n6dj9airflmz9sm1ms8d4rg0p-python3-3.9.20"
        },
        "x86_64-darwin": {
          "outputs": [
            {
              "name": "out",
              "path": "/nix/store/bw9isrkdw6qixggsdmw9ijv72irgrhf3-python3-3.9.20",
              "default": true
            }
          ],
          "store_path": "/nix/store/bw9isrkdw6qixggsdmw9ijv72irgrhf3-python3-3.9.20"
        },
        "x86_64-linux": {
          "outputs": [
            {
              "name": "out",
              "path": "/nix/store/d4r4lh1p6zlkvn17p8vxy0d2m6dc4q5x-python3-3.9.20",
              "default": true
            },
            {
              "name": "debug",
              "path": "/nix/store/7jqi2b10q74wqxxyvqcmk6zilg0mmvjy-python3-3.9.20-debug"
            }
          ],
          "store_path": "/nix/store/d4r4lh1p6zlkvn17p8vxy0d2m6dc4q5x-python3-3.9.20"
        }
      }
    },
    "python39Packages.pip": {
      "plugin_version": "0.0.2",
      "resolved": "github:NixOS/nixpkgs/75a52265bda7fd25e06e3a67dee3f0354e73243c#python39Packages.pip",
      "source": "nixpkg"
    }
  }
}
